// !$*UTF8*$!
{
	archiveVersion = 1;
	classes = {
	};
	objectVersion = 50;
	objects = {

/* Begin PBXBuildFile section */
		351CEFD7227A121B0039A4B4 /* StandingsTableViewController.swift in Sources */ = {isa = PBXBuildFile; fileRef = 351CEFD6227A121B0039A4B4 /* StandingsTableViewController.swift */; };
		354158392270ED4300E163DF /* LiveTableViewController.swift in Sources */ = {isa = PBXBuildFile; fileRef = 354158382270ED4300E163DF /* LiveTableViewController.swift */; };
		3541583B2270F17000E163DF /* HistoryTableViewController.swift in Sources */ = {isa = PBXBuildFile; fileRef = 3541583A2270F17000E163DF /* HistoryTableViewController.swift */; };
		3541583D227101F300E163DF /* DFSViewController.swift in Sources */ = {isa = PBXBuildFile; fileRef = 3541583C227101F300E163DF /* DFSViewController.swift */; };
		3541583F227107E700E163DF /* LineupsTableViewController.swift in Sources */ = {isa = PBXBuildFile; fileRef = 3541583E227107E700E163DF /* LineupsTableViewController.swift */; };
		35415841227118B300E163DF /* UserRecordsTableViewController.swift in Sources */ = {isa = PBXBuildFile; fileRef = 35415840227118B300E163DF /* UserRecordsTableViewController.swift */; };
		35E320F4226E60B80030D27D /* AppDelegate.swift in Sources */ = {isa = PBXBuildFile; fileRef = 35E320F3226E60B80030D27D /* AppDelegate.swift */; };
		35E320F6226E60B80030D27D /* ViewController.swift in Sources */ = {isa = PBXBuildFile; fileRef = 35E320F5226E60B80030D27D /* ViewController.swift */; };
		35E320F9226E60B80030D27D /* Main.storyboard in Resources */ = {isa = PBXBuildFile; fileRef = 35E320F7226E60B80030D27D /* Main.storyboard */; };
		35E320FB226E60B90030D27D /* Assets.xcassets in Resources */ = {isa = PBXBuildFile; fileRef = 35E320FA226E60B90030D27D /* Assets.xcassets */; };
		35E320FE226E60B90030D27D /* LaunchScreen.storyboard in Resources */ = {isa = PBXBuildFile; fileRef = 35E320FC226E60B90030D27D /* LaunchScreen.storyboard */; };
		35E32106226E61190030D27D /* GoogleService-Info.plist in Resources */ = {isa = PBXBuildFile; fileRef = 35E32105226E61190030D27D /* GoogleService-Info.plist */; };
		35E3210B226E7A8D0030D27D /* SignupViewController.swift in Sources */ = {isa = PBXBuildFile; fileRef = 35E3210A226E7A8D0030D27D /* SignupViewController.swift */; };
		35E3210D226E7A990030D27D /* FeedViewController.swift in Sources */ = {isa = PBXBuildFile; fileRef = 35E3210C226E7A990030D27D /* FeedViewController.swift */; };
		35E3210F226E7AA20030D27D /* LoginViewController.swift in Sources */ = {isa = PBXBuildFile; fileRef = 35E3210E226E7AA20030D27D /* LoginViewController.swift */; };
		35E32111226E7AAB0030D27D /* UsersViewController.swift in Sources */ = {isa = PBXBuildFile; fileRef = 35E32110226E7AAB0030D27D /* UsersViewController.swift */; };
		35E32113226E7AB40030D27D /* UploadViewController.swift in Sources */ = {isa = PBXBuildFile; fileRef = 35E32112226E7AB40030D27D /* UploadViewController.swift */; };
		35E32115226E7B660030D27D /* UserCell.swift in Sources */ = {isa = PBXBuildFile; fileRef = 35E32114226E7B660030D27D /* UserCell.swift */; };
		35E32117226E7B8F0030D27D /* PostCell.swift in Sources */ = {isa = PBXBuildFile; fileRef = 35E32116226E7B8F0030D27D /* PostCell.swift */; };
		35E32119226E7BBA0030D27D /* Post.swift in Sources */ = {isa = PBXBuildFile; fileRef = 35E32118226E7BBA0030D27D /* Post.swift */; };
		35E3211B226E7BCF0030D27D /* User.swift in Sources */ = {isa = PBXBuildFile; fileRef = 35E3211A226E7BCF0030D27D /* User.swift */; };
		E037BFC7EAB1F2EE64E83F2D /* Pods_fsBuilderFinal.framework in Frameworks */ = {isa = PBXBuildFile; fileRef = D9A8503D169787C288C4F14D /* Pods_fsBuilderFinal.framework */; };
/* End PBXBuildFile section */

/* Begin PBXFileReference section */
		208FAD2DBA52FFA0BCC6DC06 /* Pods-fsBuilderFinal.release.xcconfig */ = {isa = PBXFileReference; includeInIndex = 1; lastKnownFileType = text.xcconfig; name = "Pods-fsBuilderFinal.release.xcconfig"; path = "Target Support Files/Pods-fsBuilderFinal/Pods-fsBuilderFinal.release.xcconfig"; sourceTree = "<group>"; };
		351CEFD6227A121B0039A4B4 /* StandingsTableViewController.swift */ = {isa = PBXFileReference; lastKnownFileType = sourcecode.swift; path = StandingsTableViewController.swift; sourceTree = "<group>"; };
		354158382270ED4300E163DF /* LiveTableViewController.swift */ = {isa = PBXFileReference; lastKnownFileType = sourcecode.swift; path = LiveTableViewController.swift; sourceTree = "<group>"; };
		3541583A2270F17000E163DF /* HistoryTableViewController.swift */ = {isa = PBXFileReference; lastKnownFileType = sourcecode.swift; path = HistoryTableViewController.swift; sourceTree = "<group>"; };
		3541583C227101F300E163DF /* DFSViewController.swift */ = {isa = PBXFileReference; lastKnownFileType = sourcecode.swift; path = DFSViewController.swift; sourceTree = "<group>"; };
		3541583E227107E700E163DF /* LineupsTableViewController.swift */ = {isa = PBXFileReference; lastKnownFileType = sourcecode.swift; path = LineupsTableViewController.swift; sourceTree = "<group>"; };
		35415840227118B300E163DF /* UserRecordsTableViewController.swift */ = {isa = PBXFileReference; lastKnownFileType = sourcecode.swift; path = UserRecordsTableViewController.swift; sourceTree = "<group>"; };
		35E320F0226E60B80030D27D /* fsBuilderFinal.app */ = {isa = PBXFileReference; explicitFileType = wrapper.application; includeInIndex = 0; path = fsBuilderFinal.app; sourceTree = BUILT_PRODUCTS_DIR; };
		35E320F3226E60B80030D27D /* AppDelegate.swift */ = {isa = PBXFileReference; lastKnownFileType = sourcecode.swift; path = AppDelegate.swift; sourceTree = "<group>"; };
		35E320F5226E60B80030D27D /* ViewController.swift */ = {isa = PBXFileReference; lastKnownFileType = sourcecode.swift; path = ViewController.swift; sourceTree = "<group>"; };
		35E320F8226E60B80030D27D /* Base */ = {isa = PBXFileReference; lastKnownFileType = file.storyboard; name = Base; path = Base.lproj/Main.storyboard; sourceTree = "<group>"; };
		35E320FA226E60B90030D27D /* Assets.xcassets */ = {isa = PBXFileReference; lastKnownFileType = folder.assetcatalog; path = Assets.xcassets; sourceTree = "<group>"; };
		35E320FD226E60B90030D27D /* Base */ = {isa = PBXFileReference; lastKnownFileType = file.storyboard; name = Base; path = Base.lproj/LaunchScreen.storyboard; sourceTree = "<group>"; };
		35E320FF226E60B90030D27D /* Info.plist */ = {isa = PBXFileReference; lastKnownFileType = text.plist.xml; path = Info.plist; sourceTree = "<group>"; };
		35E32105226E61190030D27D /* GoogleService-Info.plist */ = {isa = PBXFileReference; fileEncoding = 4; lastKnownFileType = text.plist.xml; path = "GoogleService-Info.plist"; sourceTree = "<group>"; };
		35E3210A226E7A8D0030D27D /* SignupViewController.swift */ = {isa = PBXFileReference; lastKnownFileType = sourcecode.swift; path = SignupViewController.swift; sourceTree = "<group>"; };
		35E3210C226E7A990030D27D /* FeedViewController.swift */ = {isa = PBXFileReference; lastKnownFileType = sourcecode.swift; path = FeedViewController.swift; sourceTree = "<group>"; };
		35E3210E226E7AA20030D27D /* LoginViewController.swift */ = {isa = PBXFileReference; lastKnownFileType = sourcecode.swift; path = LoginViewController.swift; sourceTree = "<group>"; };
		35E32110226E7AAB0030D27D /* UsersViewController.swift */ = {isa = PBXFileReference; lastKnownFileType = sourcecode.swift; path = UsersViewController.swift; sourceTree = "<group>"; };
		35E32112226E7AB40030D27D /* UploadViewController.swift */ = {isa = PBXFileReference; lastKnownFileType = sourcecode.swift; path = UploadViewController.swift; sourceTree = "<group>"; };
		35E32114226E7B660030D27D /* UserCell.swift */ = {isa = PBXFileReference; lastKnownFileType = sourcecode.swift; path = UserCell.swift; sourceTree = "<group>"; };
		35E32116226E7B8F0030D27D /* PostCell.swift */ = {isa = PBXFileReference; lastKnownFileType = sourcecode.swift; path = PostCell.swift; sourceTree = "<group>"; };
		35E32118226E7BBA0030D27D /* Post.swift */ = {isa = PBXFileReference; lastKnownFileType = sourcecode.swift; path = Post.swift; sourceTree = "<group>"; };
		35E3211A226E7BCF0030D27D /* User.swift */ = {isa = PBXFileReference; lastKnownFileType = sourcecode.swift; path = User.swift; sourceTree = "<group>"; };
		B2415F1470B5680E37CC0CF0 /* Pods-fsBuilderFinal.debug.xcconfig */ = {isa = PBXFileReference; includeInIndex = 1; lastKnownFileType = text.xcconfig; name = "Pods-fsBuilderFinal.debug.xcconfig"; path = "Target Support Files/Pods-fsBuilderFinal/Pods-fsBuilderFinal.debug.xcconfig"; sourceTree = "<group>"; };
		D9A8503D169787C288C4F14D /* Pods_fsBuilderFinal.framework */ = {isa = PBXFileReference; explicitFileType = wrapper.framework; includeInIndex = 0; path = Pods_fsBuilderFinal.framework; sourceTree = BUILT_PRODUCTS_DIR; };
/* End PBXFileReference section */

/* Begin PBXFrameworksBuildPhase section */
		35E320ED226E60B80030D27D /* Frameworks */ = {
			isa = PBXFrameworksBuildPhase;
			buildActionMask = 2147483647;
			files = (
				E037BFC7EAB1F2EE64E83F2D /* Pods_fsBuilderFinal.framework in Frameworks */,
			);
			runOnlyForDeploymentPostprocessing = 0;
		};
/* End PBXFrameworksBuildPhase section */

/* Begin PBXGroup section */
		11D92ACDED51E90378F9E421 /* Pods */ = {
			isa = PBXGroup;
			children = (
				B2415F1470B5680E37CC0CF0 /* Pods-fsBuilderFinal.debug.xcconfig */,
				208FAD2DBA52FFA0BCC6DC06 /* Pods-fsBuilderFinal.release.xcconfig */,
			);
			path = Pods;
			sourceTree = "<group>";
		};
		35E320E7226E60B80030D27D = {
			isa = PBXGroup;
			children = (
				35E320F2226E60B80030D27D /* fsBuilderFinal */,
				35E320F1226E60B80030D27D /* Products */,
				11D92ACDED51E90378F9E421 /* Pods */,
				7113F07654150B384C41939A /* Frameworks */,
			);
			sourceTree = "<group>";
		};
		35E320F1226E60B80030D27D /* Products */ = {
			isa = PBXGroup;
			children = (
				35E320F0226E60B80030D27D /* fsBuilderFinal.app */,
			);
			name = Products;
			sourceTree = "<group>";
		};
		35E320F2226E60B80030D27D /* fsBuilderFinal */ = {
			isa = PBXGroup;
			children = (
				35E32107226E7A310030D27D /* Objects */,
				35E32108226E7A390030D27D /* Custom Cell */,
				35E32109226E7A430030D27D /* View Controllers */,
				35E320F3226E60B80030D27D /* AppDelegate.swift */,
				35E320F5226E60B80030D27D /* ViewController.swift */,
				35E320F7226E60B80030D27D /* Main.storyboard */,
				35E320FA226E60B90030D27D /* Assets.xcassets */,
				35E320FC226E60B90030D27D /* LaunchScreen.storyboard */,
				35E32105226E61190030D27D /* GoogleService-Info.plist */,
				35E320FF226E60B90030D27D /* Info.plist */,
			);
			path = fsBuilderFinal;
			sourceTree = "<group>";
		};
		35E32107226E7A310030D27D /* Objects */ = {
			isa = PBXGroup;
			children = (
				35E32118226E7BBA0030D27D /* Post.swift */,
				35E3211A226E7BCF0030D27D /* User.swift */,
			);
			path = Objects;
			sourceTree = "<group>";
		};
		35E32108226E7A390030D27D /* Custom Cell */ = {
			isa = PBXGroup;
			children = (
				35E32114226E7B660030D27D /* UserCell.swift */,
				35E32116226E7B8F0030D27D /* PostCell.swift */,
			);
			path = "Custom Cell";
			sourceTree = "<group>";
		};
		35E32109226E7A430030D27D /* View Controllers */ = {
			isa = PBXGroup;
			children = (
				35E3210A226E7A8D0030D27D /* SignupViewController.swift */,
				35E3210E226E7AA20030D27D /* LoginViewController.swift */,
				35E32110226E7AAB0030D27D /* UsersViewController.swift */,
				35E32112226E7AB40030D27D /* UploadViewController.swift */,
				35E3210C226E7A990030D27D /* FeedViewController.swift */,
				354158382270ED4300E163DF /* LiveTableViewController.swift */,
				3541583C227101F300E163DF /* DFSViewController.swift */,
				351CEFD6227A121B0039A4B4 /* StandingsTableViewController.swift */,
				3541583E227107E700E163DF /* LineupsTableViewController.swift */,
				35415840227118B300E163DF /* UserRecordsTableViewController.swift */,
				3541583A2270F17000E163DF /* HistoryTableViewController.swift */,
			);
			path = "View Controllers";
			sourceTree = "<group>";
		};
		7113F07654150B384C41939A /* Frameworks */ = {
			isa = PBXGroup;
			children = (
				D9A8503D169787C288C4F14D /* Pods_fsBuilderFinal.framework */,
			);
			name = Frameworks;
			sourceTree = "<group>";
		};
/* End PBXGroup section */

/* Begin PBXNativeTarget section */
		35E320EF226E60B80030D27D /* fsBuilderFinal */ = {
			isa = PBXNativeTarget;
			buildConfigurationList = 35E32102226E60B90030D27D /* Build configuration list for PBXNativeTarget "fsBuilderFinal" */;
			buildPhases = (
				931B9A36AFCE7071F2A1DCB0 /* [CP] Check Pods Manifest.lock */,
				35E320EC226E60B80030D27D /* Sources */,
				35E320ED226E60B80030D27D /* Frameworks */,
				35E320EE226E60B80030D27D /* Resources */,
				4BA96AD78233E586A22C147C /* [CP] Embed Pods Frameworks */,
			);
			buildRules = (
			);
			dependencies = (
			);
			name = fsBuilderFinal;
			productName = fsBuilderFinal;
			productReference = 35E320F0226E60B80030D27D /* fsBuilderFinal.app */;
			productType = "com.apple.product-type.application";
		};
/* End PBXNativeTarget section */

/* Begin PBXProject section */
		35E320E8226E60B80030D27D /* Project object */ = {
			isa = PBXProject;
			attributes = {
				LastSwiftUpdateCheck = 1010;
				LastUpgradeCheck = 1010;
				ORGANIZATIONNAME = "Tod Brown";
				TargetAttributes = {
					35E320EF226E60B80030D27D = {
						CreatedOnToolsVersion = 10.1;
					};
				};
			};
			buildConfigurationList = 35E320EB226E60B80030D27D /* Build configuration list for PBXProject "fsBuilderFinal" */;
			compatibilityVersion = "Xcode 9.3";
			developmentRegion = en;
			hasScannedForEncodings = 0;
			knownRegions = (
				en,
				Base,
			);
			mainGroup = 35E320E7226E60B80030D27D;
			productRefGroup = 35E320F1226E60B80030D27D /* Products */;
			projectDirPath = "";
			projectRoot = "";
			targets = (
				35E320EF226E60B80030D27D /* fsBuilderFinal */,
			);
		};
/* End PBXProject section */

/* Begin PBXResourcesBuildPhase section */
		35E320EE226E60B80030D27D /* Resources */ = {
			isa = PBXResourcesBuildPhase;
			buildActionMask = 2147483647;
			files = (
				35E320FE226E60B90030D27D /* LaunchScreen.storyboard in Resources */,
				35E320FB226E60B90030D27D /* Assets.xcassets in Resources */,
				35E320F9226E60B80030D27D /* Main.storyboard in Resources */,
				35E32106226E61190030D27D /* GoogleService-Info.plist in Resources */,
			);
			runOnlyForDeploymentPostprocessing = 0;
		};
/* End PBXResourcesBuildPhase section */

/* Begin PBXShellScriptBuildPhase section */
		4BA96AD78233E586A22C147C /* [CP] Embed Pods Frameworks */ = {
			isa = PBXShellScriptBuildPhase;
			buildActionMask = 2147483647;
			files = (
			);
			inputFileListPaths = (
			);
			inputPaths = (
				"${PODS_ROOT}/Target Support Files/Pods-fsBuilderFinal/Pods-fsBuilderFinal-frameworks.sh",
				"${BUILT_PRODUCTS_DIR}/GTMSessionFetcher/GTMSessionFetcher.framework",
				"${BUILT_PRODUCTS_DIR}/GoogleUtilities/GoogleUtilities.framework",
				"${BUILT_PRODUCTS_DIR}/leveldb-library/leveldb.framework",
				"${BUILT_PRODUCTS_DIR}/nanopb/nanopb.framework",
			);
			name = "[CP] Embed Pods Frameworks";
			outputFileListPaths = (
			);
			outputPaths = (
				"${TARGET_BUILD_DIR}/${FRAMEWORKS_FOLDER_PATH}/GTMSessionFetcher.framework",
				"${TARGET_BUILD_DIR}/${FRAMEWORKS_FOLDER_PATH}/GoogleUtilities.framework",
				"${TARGET_BUILD_DIR}/${FRAMEWORKS_FOLDER_PATH}/leveldb.framework",
				"${TARGET_BUILD_DIR}/${FRAMEWORKS_FOLDER_PATH}/nanopb.framework",
			);
			runOnlyForDeploymentPostprocessing = 0;
			shellPath = /bin/sh;
			shellScript = "\"${PODS_ROOT}/Target Support Files/Pods-fsBuilderFinal/Pods-fsBuilderFinal-frameworks.sh\"\n";
			showEnvVarsInLog = 0;
		};
		931B9A36AFCE7071F2A1DCB0 /* [CP] Check Pods Manifest.lock */ = {
			isa = PBXShellScriptBuildPhase;
			buildActionMask = 2147483647;
			files = (
			);
			inputFileListPaths = (
			);
			inputPaths = (
				"${PODS_PODFILE_DIR_PATH}/Podfile.lock",
				"${PODS_ROOT}/Manifest.lock",
			);
			name = "[CP] Check Pods Manifest.lock";
			outputFileListPaths = (
			);
			outputPaths = (
				"$(DERIVED_FILE_DIR)/Pods-fsBuilderFinal-checkManifestLockResult.txt",
			);
			runOnlyForDeploymentPostprocessing = 0;
			shellPath = /bin/sh;
			shellScript = "diff \"${PODS_PODFILE_DIR_PATH}/Podfile.lock\" \"${PODS_ROOT}/Manifest.lock\" > /dev/null\nif [ $? != 0 ] ; then\n    # print error to STDERR\n    echo \"error: The sandbox is not in sync with the Podfile.lock. Run 'pod install' or update your CocoaPods installation.\" >&2\n    exit 1\nfi\n# This output is used by Xcode 'outputs' to avoid re-running this script phase.\necho \"SUCCESS\" > \"${SCRIPT_OUTPUT_FILE_0}\"\n";
			showEnvVarsInLog = 0;
		};
/* End PBXShellScriptBuildPhase section */

/* Begin PBXSourcesBuildPhase section */
		35E320EC226E60B80030D27D /* Sources */ = {
			isa = PBXSourcesBuildPhase;
			buildActionMask = 2147483647;
			files = (
				35E32115226E7B660030D27D /* UserCell.swift in Sources */,
				35E3210F226E7AA20030D27D /* LoginViewController.swift in Sources */,
				3541583D227101F300E163DF /* DFSViewController.swift in Sources */,
				3541583F227107E700E163DF /* LineupsTableViewController.swift in Sources */,
				35E32111226E7AAB0030D27D /* UsersViewController.swift in Sources */,
				354158392270ED4300E163DF /* LiveTableViewController.swift in Sources */,
				35E3210D226E7A990030D27D /* FeedViewController.swift in Sources */,
				351CEFD7227A121B0039A4B4 /* StandingsTableViewController.swift in Sources */,
				35415841227118B300E163DF /* UserRecordsTableViewController.swift in Sources */,
				35E3210B226E7A8D0030D27D /* SignupViewController.swift in Sources */,
				35E32117226E7B8F0030D27D /* PostCell.swift in Sources */,
				35E320F6226E60B80030D27D /* ViewController.swift in Sources */,
				35E32113226E7AB40030D27D /* UploadViewController.swift in Sources */,
				35E320F4226E60B80030D27D /* AppDelegate.swift in Sources */,
				35E32119226E7BBA0030D27D /* Post.swift in Sources */,
				35E3211B226E7BCF0030D27D /* User.swift in Sources */,
				3541583B2270F17000E163DF /* HistoryTableViewController.swift in Sources */,
			);
			runOnlyForDeploymentPostprocessing = 0;
		};
/* End PBXSourcesBuildPhase section */

/* Begin PBXVariantGroup section */
		35E320F7226E60B80030D27D /* Main.storyboard */ = {
			isa = PBXVariantGroup;
			children = (
				35E320F8226E60B80030D27D /* Base */,
			);
			name = Main.storyboard;
			sourceTree = "<group>";
		};
		35E320FC226E60B90030D27D /* LaunchScreen.storyboard */ = {
			isa = PBXVariantGroup;
			children = (
				35E320FD226E60B90030D27D /* Base */,
			);
			name = LaunchScreen.storyboard;
			sourceTree = "<group>";
		};
/* End PBXVariantGroup section */

/* Begin XCBuildConfiguration section */
		35E32100226E60B90030D27D /* Debug */ = {
			isa = XCBuildConfiguration;
			buildSettings = {
				ALWAYS_SEARCH_USER_PATHS = NO;
				CLANG_ANALYZER_NONNULL = YES;
				CLANG_ANALYZER_NUMBER_OBJECT_CONVERSION = YES_AGGRESSIVE;
				CLANG_CXX_LANGUAGE_STANDARD = "gnu++14";
				CLANG_CXX_LIBRARY = "libc++";
				CLANG_ENABLE_MODULES = YES;
				CLANG_ENABLE_OBJC_ARC = YES;
				CLANG_ENABLE_OBJC_WEAK = YES;
				CLANG_WARN_BLOCK_CAPTURE_AUTORELEASING = YES;
				CLANG_WARN_BOOL_CONVERSION = YES;
				CLANG_WARN_COMMA = YES;
				CLANG_WARN_CONSTANT_CONVERSION = YES;
				CLANG_WARN_DEPRECATED_OBJC_IMPLEMENTATIONS = YES;
				CLANG_WARN_DIRECT_OBJC_ISA_USAGE = YES_ERROR;
				CLANG_WARN_DOCUMENTATION_COMMENTS = YES;
				CLANG_WARN_EMPTY_BODY = YES;
				CLANG_WARN_ENUM_CONVERSION = YES;
				CLANG_WARN_INFINITE_RECURSION = YES;
				CLANG_WARN_INT_CONVERSION = YES;
				CLANG_WARN_NON_LITERAL_NULL_CONVERSION = YES;
				CLANG_WARN_OBJC_IMPLICIT_RETAIN_SELF = YES;
				CLANG_WARN_OBJC_LITERAL_CONVERSION = YES;
				CLANG_WARN_OBJC_ROOT_CLASS = YES_ERROR;
				CLANG_WARN_RANGE_LOOP_ANALYSIS = YES;
				CLANG_WARN_STRICT_PROTOTYPES = YES;
				CLANG_WARN_SUSPICIOUS_MOVE = YES;
				CLANG_WARN_UNGUARDED_AVAILABILITY = YES_AGGRESSIVE;
				CLANG_WARN_UNREACHABLE_CODE = YES;
				CLANG_WARN__DUPLICATE_METHOD_MATCH = YES;
				CODE_SIGN_IDENTITY = "iPhone Developer";
				COPY_PHASE_STRIP = NO;
				DEBUG_INFORMATION_FORMAT = dwarf;
				ENABLE_STRICT_OBJC_MSGSEND = YES;
				ENABLE_TESTABILITY = YES;
				GCC_C_LANGUAGE_STANDARD = gnu11;
				GCC_DYNAMIC_NO_PIC = NO;
				GCC_NO_COMMON_BLOCKS = YES;
				GCC_OPTIMIZATION_LEVEL = 0;
				GCC_PREPROCESSOR_DEFINITIONS = (
					"DEBUG=1",
					"$(inherited)",
				);
				GCC_WARN_64_TO_32_BIT_CONVERSION = YES;
				GCC_WARN_ABOUT_RETURN_TYPE = YES_ERROR;
				GCC_WARN_UNDECLARED_SELECTOR = YES;
				GCC_WARN_UNINITIALIZED_AUTOS = YES_AGGRESSIVE;
				GCC_WARN_UNUSED_FUNCTION = YES;
				GCC_WARN_UNUSED_VARIABLE = YES;
				IPHONEOS_DEPLOYMENT_TARGET = 12.1;
				MTL_ENABLE_DEBUG_INFO = INCLUDE_SOURCE;
				MTL_FAST_MATH = YES;
				ONLY_ACTIVE_ARCH = YES;
				SDKROOT = iphoneos;
				SWIFT_ACTIVE_COMPILATION_CONDITIONS = DEBUG;
				SWIFT_OPTIMIZATION_LEVEL = "-Onone";
			};
			name = Debug;
		};
		35E32101226E60B90030D27D /* Release */ = {
			isa = XCBuildConfiguration;
			buildSettings = {
				ALWAYS_SEARCH_USER_PATHS = NO;
				CLANG_ANALYZER_NONNULL = YES;
				CLANG_ANALYZER_NUMBER_OBJECT_CONVERSION = YES_AGGRESSIVE;
				CLANG_CXX_LANGUAGE_STANDARD = "gnu++14";
				CLANG_CXX_LIBRARY = "libc++";
				CLANG_ENABLE_MODULES = YES;
				CLANG_ENABLE_OBJC_ARC = YES;
				CLANG_ENABLE_OBJC_WEAK = YES;
				CLANG_WARN_BLOCK_CAPTURE_AUTORELEASING = YES;
				CLANG_WARN_BOOL_CONVERSION = YES;
				CLANG_WARN_COMMA = YES;
				CLANG_WARN_CONSTANT_CONVERSION = YES;
				CLANG_WARN_DEPRECATED_OBJC_IMPLEMENTATIONS = YES;
				CLANG_WARN_DIRECT_OBJC_ISA_USAGE = YES_ERROR;
				CLANG_WARN_DOCUMENTATION_COMMENTS = YES;
				CLANG_WARN_EMPTY_BODY = YES;
				CLANG_WARN_ENUM_CONVERSION = YES;
				CLANG_WARN_INFINITE_RECURSION = YES;
				CLANG_WARN_INT_CONVERSION = YES;
				CLANG_WARN_NON_LITERAL_NULL_CONVERSION = YES;
				CLANG_WARN_OBJC_IMPLICIT_RETAIN_SELF = YES;
				CLANG_WARN_OBJC_LITERAL_CONVERSION = YES;
				CLANG_WARN_OBJC_ROOT_CLASS = YES_ERROR;
				CLANG_WARN_RANGE_LOOP_ANALYSIS = YES;
				CLANG_WARN_STRICT_PROTOTYPES = YES;
				CLANG_WARN_SUSPICIOUS_MOVE = YES;
				CLANG_WARN_UNGUARDED_AVAILABILITY = YES_AGGRESSIVE;
				CLANG_WARN_UNREACHABLE_CODE = YES;
				CLANG_WARN__DUPLICATE_METHOD_MATCH = YES;
				CODE_SIGN_IDENTITY = "iPhone Developer";
				COPY_PHASE_STRIP = NO;
				DEBUG_INFORMATION_FORMAT = "dwarf-with-dsym";
				ENABLE_NS_ASSERTIONS = NO;
				ENABLE_STRICT_OBJC_MSGSEND = YES;
				GCC_C_LANGUAGE_STANDARD = gnu11;
				GCC_NO_COMMON_BLOCKS = YES;
				GCC_WARN_64_TO_32_BIT_CONVERSION = YES;
				GCC_WARN_ABOUT_RETURN_TYPE = YES_ERROR;
				GCC_WARN_UNDECLARED_SELECTOR = YES;
				GCC_WARN_UNINITIALIZED_AUTOS = YES_AGGRESSIVE;
				GCC_WARN_UNUSED_FUNCTION = YES;
				GCC_WARN_UNUSED_VARIABLE = YES;
				IPHONEOS_DEPLOYMENT_TARGET = 12.1;
				MTL_ENABLE_DEBUG_INFO = NO;
				MTL_FAST_MATH = YES;
				SDKROOT = iphoneos;
				SWIFT_COMPILATION_MODE = wholemodule;
				SWIFT_OPTIMIZATION_LEVEL = "-O";
				VALIDATE_PRODUCT = YES;
			};
			name = Release;
		};
		35E32103226E60B90030D27D /* Debug */ = {
			isa = XCBuildConfiguration;
			baseConfigurationReference = B2415F1470B5680E37CC0CF0 /* Pods-fsBuilderFinal.debug.xcconfig */;
			buildSettings = {
				ASSETCATALOG_COMPILER_APPICON_NAME = AppIcon;
				CODE_SIGN_STYLE = Automatic;
				DEVELOPMENT_TEAM = TGKR7PCN52;
				INFOPLIST_FILE = fsBuilderFinal/Info.plist;
				LD_RUNPATH_SEARCH_PATHS = (
					"$(inherited)",
					"@executable_path/Frameworks",
				);
				PRODUCT_BUNDLE_IDENTIFIER = "Tod-Brown.fsBuilderFinal";
				PRODUCT_NAME = "$(TARGET_NAME)";
				SWIFT_VERSION = 5.0;
				TARGETED_DEVICE_FAMILY = "1,2";
			};
			name = Debug;
		};
		35E32104226E60B90030D27D /* Release */ = {
			isa = XCBuildConfiguration;
			baseConfigurationReference = 208FAD2DBA52FFA0BCC6DC06 /* Pods-fsBuilderFinal.release.xcconfig */;
			buildSettings = {
				ASSETCATALOG_COMPILER_APPICON_NAME = AppIcon;
				CODE_SIGN_STYLE = Automatic;
				DEVELOPMENT_TEAM = TGKR7PCN52;
				INFOPLIST_FILE = fsBuilderFinal/Info.plist;
				LD_RUNPATH_SEARCH_PATHS = (
					"$(inherited)",
					"@executable_path/Frameworks",
				);
				PRODUCT_BUNDLE_IDENTIFIER = "Tod-Brown.fsBuilderFinal";
				PRODUCT_NAME = "$(TARGET_NAME)";
				SWIFT_VERSION = 5.0;
				TARGETED_DEVICE_FAMILY = "1,2";
			};
			name = Release;
		};
/* End XCBuildConfiguration section */

/* Begin XCConfigurationList section */
		35E320EB226E60B80030D27D /* Build configuration list for PBXProject "fsBuilderFinal" */ = {
			isa = XCConfigurationList;
			buildConfigurations = (
				35E32100226E60B90030D27D /* Debug */,
				35E32101226E60B90030D27D /* Release */,
			);
			defaultConfigurationIsVisible = 0;
			defaultConfigurationName = Release;
		};
		35E32102226E60B90030D27D /* Build configuration list for PBXNativeTarget "fsBuilderFinal" */ = {
			isa = XCConfigurationList;
			buildConfigurations = (
				35E32103226E60B90030D27D /* Debug */,
				35E32104226E60B90030D27D /* Release */,
			);
			defaultConfigurationIsVisible = 0;
			defaultConfigurationName = Release;
		};
/* End XCConfigurationList section */
	};
	rootObject = 35E320E8226E60B80030D27D /* Project object */;
}
